
Microsoft Visual Studio Solution File, Format Version 12.00
# Visual Studio Version 17
VisualStudioVersion = 17.3.32825.248
MinimumVisualStudioVersion = 10.0.40219.1
Project("{8BC9CEB8-8B4A-11D0-8D11-00A0C91BC942}") = "luyentapcoder", "luyentapcoder\luyentapcoder.vcxproj", "{2516A121-F497-43D2-9B12-0A82F1DB2243}"
EndProject
Project("{2150E333-8FDC-42A3-9474-1A3956D46DE8}") = "thuchanh", "thuchanh", "{F26FB280-F7C9-43F4-91F5-FD528F264CF9}"
EndProject
Project("{8BC9CEB8-8B4A-11D0-8D11-00A0C91BC942}") = "iff", "chuong 4\chuong 4.vcxproj", "{D4FC7EDC-3133-4470-BF52-AD863F922C85}"
EndProject
Project("{8BC9CEB8-8B4A-11D0-8D11-00A0C91BC942}") = "vong lap", "vong lap\vong lap.vcxproj", "{31E7AAE0-F9E6-494B-B9FD-40A93A9DBBCE}"
EndProject
Project("{8BC9CEB8-8B4A-11D0-8D11-00A0C91BC942}") = "array", "pointer\pointer.vcxproj", "{84ABB399-723A-48D9-95B3-33777CB52F2D}"
EndProject
Project("{8BC9CEB8-8B4A-11D0-8D11-00A0C91BC942}") = "nangcao", "nangcao\nangcao.vcxproj", "{293E1050-7C8D-43D9-AF75-26AEC8C97005}"
EndProject
Project("{8BC9CEB8-8B4A-11D0-8D11-00A0C91BC942}") = "pointeraa", "pointeraa\pointeraa.vcxproj", "{1776AFE6-736E-4ADB-AA20-98C37A080CC7}"
EndProject
Project("{8BC9CEB8-8B4A-11D0-8D11-00A0C91BC942}") = "function", "function\function.vcxproj", "{0C45C8B4-B76B-4F4A-BB3F-3AFF2275A5C3}"
EndProject
Project("{8BC9CEB8-8B4A-11D0-8D11-00A0C91BC942}") = "string", "string\string.vcxproj", "{976B25C0-F965-47A8-A530-6A0253CC0FBE}"
EndProject
Project("{8BC9CEB8-8B4A-11D0-8D11-00A0C91BC942}") = "Project1", "Project1\Project1.vcxproj", "{8A393B77-9CE3-41C3-8CFF-DB71F5B56145}"
EndProject
Project("{8BC9CEB8-8B4A-11D0-8D11-00A0C91BC942}") = "struct", "struct\struct.vcxproj", "{66B51C97-C83A-49C9-A180-26E135AF6FE8}"
EndProject
Project("{8BC9CEB8-8B4A-11D0-8D11-00A0C91BC942}") = "Tempelate", "Tempelate\Tempelate.vcxproj", "{9FE4C212-E0C9-45CF-9EB2-6E1D623E9C6B}"
EndProject
Project("{8BC9CEB8-8B4A-11D0-8D11-00A0C91BC942}") = "Project2", "Project2\Project2.vcxproj", "{C395A595-CD9E-423B-9AFC-9038D111DACF}"
EndProject
Global
	GlobalSection(SolutionConfigurationPlatforms) = preSolution
		Debug|x64 = Debug|x64
		Debug|x86 = Debug|x86
		Release|x64 = Release|x64
		Release|x86 = Release|x86
	EndGlobalSection
	GlobalSection(ProjectConfigurationPlatforms) = postSolution
		{2516A121-F497-43D2-9B12-0A82F1DB2243}.Debug|x64.ActiveCfg = Debug|x64
		{2516A121-F497-43D2-9B12-0A82F1DB2243}.Debug|x64.Build.0 = Debug|x64
		{2516A121-F497-43D2-9B12-0A82F1DB2243}.Debug|x86.ActiveCfg = Debug|Win32
		{2516A121-F497-43D2-9B12-0A82F1DB2243}.Debug|x86.Build.0 = Debug|Win32
		{2516A121-F497-43D2-9B12-0A82F1DB2243}.Release|x64.ActiveCfg = Release|x64
		{2516A121-F497-43D2-9B12-0A82F1DB2243}.Release|x64.Build.0 = Release|x64
		{2516A121-F497-43D2-9B12-0A82F1DB2243}.Release|x86.ActiveCfg = Release|Win32
		{2516A121-F497-43D2-9B12-0A82F1DB2243}.Release|x86.Build.0 = Release|Win32
		{D4FC7EDC-3133-4470-BF52-AD863F922C85}.Debug|x64.ActiveCfg = Debug|x64
		{D4FC7EDC-3133-4470-BF52-AD863F922C85}.Debug|x64.Build.0 = Debug|x64
		{D4FC7EDC-3133-4470-BF52-AD863F922C85}.Debug|x86.ActiveCfg = Debug|Win32
		{D4FC7EDC-3133-4470-BF52-AD863F922C85}.Debug|x86.Build.0 = Debug|Win32
		{D4FC7EDC-3133-4470-BF52-AD863F922C85}.Release|x64.ActiveCfg = Release|x64
		{D4FC7EDC-3133-4470-BF52-AD863F922C85}.Release|x64.Build.0 = Release|x64
		{D4FC7EDC-3133-4470-BF52-AD863F922C85}.Release|x86.ActiveCfg = Release|Win32
		{D4FC7EDC-3133-4470-BF52-AD863F922C85}.Release|x86.Build.0 = Release|Win32
		{31E7AAE0-F9E6-494B-B9FD-40A93A9DBBCE}.Debug|x64.ActiveCfg = Debug|x64
		{31E7AAE0-F9E6-494B-B9FD-40A93A9DBBCE}.Debug|x64.Build.0 = Debug|x64
		{31E7AAE0-F9E6-494B-B9FD-40A93A9DBBCE}.Debug|x86.ActiveCfg = Debug|Win32
		{31E7AAE0-F9E6-494B-B9FD-40A93A9DBBCE}.Debug|x86.Build.0 = Debug|Win32
		{31E7AAE0-F9E6-494B-B9FD-40A93A9DBBCE}.Release|x64.ActiveCfg = Release|x64
		{31E7AAE0-F9E6-494B-B9FD-40A93A9DBBCE}.Release|x64.Build.0 = Release|x64
		{31E7AAE0-F9E6-494B-B9FD-40A93A9DBBCE}.Release|x86.ActiveCfg = Release|Win32
		{31E7AAE0-F9E6-494B-B9FD-40A93A9DBBCE}.Release|x86.Build.0 = Release|Win32
		{84ABB399-723A-48D9-95B3-33777CB52F2D}.Debug|x64.ActiveCfg = Debug|x64
		{84ABB399-723A-48D9-95B3-33777CB52F2D}.Debug|x64.Build.0 = Debug|x64
		{84ABB399-723A-48D9-95B3-33777CB52F2D}.Debug|x86.ActiveCfg = Debug|Win32
		{84ABB399-723A-48D9-95B3-33777CB52F2D}.Debug|x86.Build.0 = Debug|Win32
		{84ABB399-723A-48D9-95B3-33777CB52F2D}.Release|x64.ActiveCfg = Release|x64
		{84ABB399-723A-48D9-95B3-33777CB52F2D}.Release|x64.Build.0 = Release|x64
		{84ABB399-723A-48D9-95B3-33777CB52F2D}.Release|x86.ActiveCfg = Release|Win32
		{84ABB399-723A-48D9-95B3-33777CB52F2D}.Release|x86.Build.0 = Release|Win32
		{293E1050-7C8D-43D9-AF75-26AEC8C97005}.Debug|x64.ActiveCfg = Debug|x64
		{293E1050-7C8D-43D9-AF75-26AEC8C97005}.Debug|x64.Build.0 = Debug|x64
		{293E1050-7C8D-43D9-AF75-26AEC8C97005}.Debug|x86.ActiveCfg = Debug|Win32
		{293E1050-7C8D-43D9-AF75-26AEC8C97005}.Debug|x86.Build.0 = Debug|Win32
		{293E1050-7C8D-43D9-AF75-26AEC8C97005}.Release|x64.ActiveCfg = Release|x64
		{293E1050-7C8D-43D9-AF75-26AEC8C97005}.Release|x64.Build.0 = Release|x64
		{293E1050-7C8D-43D9-AF75-26AEC8C97005}.Release|x86.ActiveCfg = Release|Win32
		{293E1050-7C8D-43D9-AF75-26AEC8C97005}.Release|x86.Build.0 = Release|Win32
		{1776AFE6-736E-4ADB-AA20-98C37A080CC7}.Debug|x64.ActiveCfg = Debug|x64
		{1776AFE6-736E-4ADB-AA20-98C37A080CC7}.Debug|x64.Build.0 = Debug|x64
		{1776AFE6-736E-4ADB-AA20-98C37A080CC7}.Debug|x86.ActiveCfg = Debug|Win32
		{1776AFE6-736E-4ADB-AA20-98C37A080CC7}.Debug|x86.Build.0 = Debug|Win32
		{1776AFE6-736E-4ADB-AA20-98C37A080CC7}.Release|x64.ActiveCfg = Release|x64
		{1776AFE6-736E-4ADB-AA20-98C37A080CC7}.Release|x64.Build.0 = Release|x64
		{1776AFE6-736E-4ADB-AA20-98C37A080CC7}.Release|x86.ActiveCfg = Release|Win32
		{1776AFE6-736E-4ADB-AA20-98C37A080CC7}.Release|x86.Build.0 = Release|Win32
		{0C45C8B4-B76B-4F4A-BB3F-3AFF2275A5C3}.Debug|x64.ActiveCfg = Debug|x64
		{0C45C8B4-B76B-4F4A-BB3F-3AFF2275A5C3}.Debug|x64.Build.0 = Debug|x64
		{0C45C8B4-B76B-4F4A-BB3F-3AFF2275A5C3}.Debug|x86.ActiveCfg = Debug|Win32
		{0C45C8B4-B76B-4F4A-BB3F-3AFF2275A5C3}.Debug|x86.Build.0 = Debug|Win32
		{0C45C8B4-B76B-4F4A-BB3F-3AFF2275A5C3}.Release|x64.ActiveCfg = Release|x64
		{0C45C8B4-B76B-4F4A-BB3F-3AFF2275A5C3}.Release|x64.Build.0 = Release|x64
		{0C45C8B4-B76B-4F4A-BB3F-3AFF2275A5C3}.Release|x86.ActiveCfg = Release|Win32
		{0C45C8B4-B76B-4F4A-BB3F-3AFF2275A5C3}.Release|x86.Build.0 = Release|Win32
		{976B25C0-F965-47A8-A530-6A0253CC0FBE}.Debug|x64.ActiveCfg = Debug|x64
		{976B25C0-F965-47A8-A530-6A0253CC0FBE}.Debug|x64.Build.0 = Debug|x64
		{976B25C0-F965-47A8-A530-6A0253CC0FBE}.Debug|x86.ActiveCfg = Debug|Win32
		{976B25C0-F965-47A8-A530-6A0253CC0FBE}.Debug|x86.Build.0 = Debug|Win32
		{976B25C0-F965-47A8-A530-6A0253CC0FBE}.Release|x64.ActiveCfg = Release|x64
		{976B25C0-F965-47A8-A530-6A0253CC0FBE}.Release|x64.Build.0 = Release|x64
		{976B25C0-F965-47A8-A530-6A0253CC0FBE}.Release|x86.ActiveCfg = Release|Win32
		{976B25C0-F965-47A8-A530-6A0253CC0FBE}.Release|x86.Build.0 = Release|Win32
		{8A393B77-9CE3-41C3-8CFF-DB71F5B56145}.Debug|x64.ActiveCfg = Debug|x64
		{8A393B77-9CE3-41C3-8CFF-DB71F5B56145}.Debug|x64.Build.0 = Debug|x64
		{8A393B77-9CE3-41C3-8CFF-DB71F5B56145}.Debug|x86.ActiveCfg = Debug|Win32
		{8A393B77-9CE3-41C3-8CFF-DB71F5B56145}.Debug|x86.Build.0 = Debug|Win32
		{8A393B77-9CE3-41C3-8CFF-DB71F5B56145}.Release|x64.ActiveCfg = Release|x64
		{8A393B77-9CE3-41C3-8CFF-DB71F5B56145}.Release|x64.Build.0 = Release|x64
		{8A393B77-9CE3-41C3-8CFF-DB71F5B56145}.Release|x86.ActiveCfg = Release|Win32
		{8A393B77-9CE3-41C3-8CFF-DB71F5B56145}.Release|x86.Build.0 = Release|Win32
		{66B51C97-C83A-49C9-A180-26E135AF6FE8}.Debug|x64.ActiveCfg = Debug|x64
		{66B51C97-C83A-49C9-A180-26E135AF6FE8}.Debug|x64.Build.0 = Debug|x64
		{66B51C97-C83A-49C9-A180-26E135AF6FE8}.Debug|x86.ActiveCfg = Debug|Win32
		{66B51C97-C83A-49C9-A180-26E135AF6FE8}.Debug|x86.Build.0 = Debug|Win32
		{66B51C97-C83A-49C9-A180-26E135AF6FE8}.Release|x64.ActiveCfg = Release|x64
		{66B51C97-C83A-49C9-A180-26E135AF6FE8}.Release|x64.Build.0 = Release|x64
		{66B51C97-C83A-49C9-A180-26E135AF6FE8}.Release|x86.ActiveCfg = Release|Win32
		{66B51C97-C83A-49C9-A180-26E135AF6FE8}.Release|x86.Build.0 = Release|Win32
		{9FE4C212-E0C9-45CF-9EB2-6E1D623E9C6B}.Debug|x64.ActiveCfg = Debug|x64
		{9FE4C212-E0C9-45CF-9EB2-6E1D623E9C6B}.Debug|x64.Build.0 = Debug|x64
		{9FE4C212-E0C9-45CF-9EB2-6E1D623E9C6B}.Debug|x86.ActiveCfg = Debug|Win32
		{9FE4C212-E0C9-45CF-9EB2-6E1D623E9C6B}.Debug|x86.Build.0 = Debug|Win32
		{9FE4C212-E0C9-45CF-9EB2-6E1D623E9C6B}.Release|x64.ActiveCfg = Release|x64
		{9FE4C212-E0C9-45CF-9EB2-6E1D623E9C6B}.Release|x64.Build.0 = Release|x64
		{9FE4C212-E0C9-45CF-9EB2-6E1D623E9C6B}.Release|x86.ActiveCfg = Release|Win32
		{9FE4C212-E0C9-45CF-9EB2-6E1D623E9C6B}.Release|x86.Build.0 = Release|Win32
		{C395A595-CD9E-423B-9AFC-9038D111DACF}.Debug|x64.ActiveCfg = Debug|x64
		{C395A595-CD9E-423B-9AFC-9038D111DACF}.Debug|x64.Build.0 = Debug|x64
		{C395A595-CD9E-423B-9AFC-9038D111DACF}.Debug|x86.ActiveCfg = Debug|Win32
		{C395A595-CD9E-423B-9AFC-9038D111DACF}.Debug|x86.Build.0 = Debug|Win32
		{C395A595-CD9E-423B-9AFC-9038D111DACF}.Release|x64.ActiveCfg = Release|x64
		{C395A595-CD9E-423B-9AFC-9038D111DACF}.Release|x64.Build.0 = Release|x64
		{C395A595-CD9E-423B-9AFC-9038D111DACF}.Release|x86.ActiveCfg = Release|Win32
		{C395A595-CD9E-423B-9AFC-9038D111DACF}.Release|x86.Build.0 = Release|Win32
	EndGlobalSection
	GlobalSection(SolutionProperties) = preSolution
		HideSolutionNode = FALSE
	EndGlobalSection
	GlobalSection(NestedProjects) = preSolution
		{2516A121-F497-43D2-9B12-0A82F1DB2243} = {F26FB280-F7C9-43F4-91F5-FD528F264CF9}
		{D4FC7EDC-3133-4470-BF52-AD863F922C85} = {F26FB280-F7C9-43F4-91F5-FD528F264CF9}
		{31E7AAE0-F9E6-494B-B9FD-40A93A9DBBCE} = {F26FB280-F7C9-43F4-91F5-FD528F264CF9}
		{84ABB399-723A-48D9-95B3-33777CB52F2D} = {F26FB280-F7C9-43F4-91F5-FD528F264CF9}
		{293E1050-7C8D-43D9-AF75-26AEC8C97005} = {F26FB280-F7C9-43F4-91F5-FD528F264CF9}
		{1776AFE6-736E-4ADB-AA20-98C37A080CC7} = {F26FB280-F7C9-43F4-91F5-FD528F264CF9}
		{0C45C8B4-B76B-4F4A-BB3F-3AFF2275A5C3} = {F26FB280-F7C9-43F4-91F5-FD528F264CF9}
		{976B25C0-F965-47A8-A530-6A0253CC0FBE} = {F26FB280-F7C9-43F4-91F5-FD528F264CF9}
	EndGlobalSection
	GlobalSection(ExtensibilityGlobals) = postSolution
		SolutionGuid = {D1BE3742-B852-43B7-85D3-72C1F2ED5A6D}
	EndGlobalSection
EndGlobal
