<?xml version="1.0" encoding="utf-8"?>
<Project ToolsVersion="4.0" xmlns="http://schemas.microsoft.com/developer/msbuild/2003">
  <ItemGroup>
    <Filter Include="Source Files">
      <UniqueIdentifier>{4FC737F1-C7A5-4376-A066-2A32D752A2FF}</UniqueIdentifier>
      <Extensions>cpp;c;cc;cxx;c++;cppm;ixx;def;odl;idl;hpj;bat;asm;asmx</Extensions>
    </Filter>
    <Filter Include="Header Files">
      <UniqueIdentifier>{93995380-89BD-4b04-88EB-625FBE52EBFB}</UniqueIdentifier>
      <Extensions>h;hh;hpp;hxx;h++;hm;inl;inc;ipp;xsd</Extensions>
    </Filter>
    <Filter Include="Resource Files">
      <UniqueIdentifier>{67DA6AB6-F800-4c08-8B7A-83BB121AAD01}</UniqueIdentifier>
      <Extensions>rc;ico;cur;bmp;dlg;rc2;rct;bin;rgs;gif;jpg;jpeg;jpe;resx;tiff;tif;png;wav;mfcribbon-ms</Extensions>
    </Filter>
  </ItemGroup>
  <ItemGroup>
    <ClCompile Include="gioi thieu.cpp">
      <Filter>Source Files</Filter>
    </ClCompile>
    <ClCompile Include="pointinfunction.cpp">
      <Filter>Source Files</Filter>
    </ClCompile>
    <ClCompile Include="thuc_hanh1.cpp">
      <Filter>Source Files</Filter>
    </ClCompile>
    <ClCompile Include="..\luyentapcoder\thuc_hanh2.cpp">
      <Filter>Source Files</Filter>
    </ClCompile>
    <ClCompile Include="thuc_hanh3cpp.cpp">
      <Filter>Source Files</Filter>
    </ClCompile>
    <ClCompile Include="thuc_hanh4.cpp">
      <Filter>Source Files</Filter>
    </ClCompile>
    <ClCompile Include="..\luyentapcoder\thuchanhcpp.cpp">
      <Filter>Source Files</Filter>
    </ClCompile>
    <ClCompile Include="thuchanh5.cpp">
      <Filter>Source Files</Filter>
    </ClCompile>
    <ClCompile Include="thuc _hanh6.cpp">
      <Filter>Source Files</Filter>
    </ClCompile>
  </ItemGroup>
</Project>